// !$*UTF8*$!
{
	archiveVersion = 1;
	classes = {
	};
	objectVersion = 46;
	objects = {

/* Begin PBXBuildFile section */
		5D72789E1D925561002AFD28 /* CalculatorBrain.swift in Sources */ = {isa = PBXBuildFile; fileRef = 5D72789D1D925561002AFD28 /* CalculatorBrain.swift */; };
		5DD08F421D90F9C200A9FD0C /* AppDelegate.swift in Sources */ = {isa = PBXBuildFile; fileRef = 5DD08F411D90F9C200A9FD0C /* AppDelegate.swift */; };
		5DD08F441D90F9C200A9FD0C /* ViewController.swift in Sources */ = {isa = PBXBuildFile; fileRef = 5DD08F431D90F9C200A9FD0C /* ViewController.swift */; };
		5DD08F471D90F9C200A9FD0C /* Main.storyboard in Resources */ = {isa = PBXBuildFile; fileRef = 5DD08F451D90F9C200A9FD0C /* Main.storyboard */; };
		5DD08F491D90F9C200A9FD0C /* Assets.xcassets in Resources */ = {isa = PBXBuildFile; fileRef = 5DD08F481D90F9C200A9FD0C /* Assets.xcassets */; };
		5DD08F4C1D90F9C200A9FD0C /* LaunchScreen.storyboard in Resources */ = {isa = PBXBuildFile; fileRef = 5DD08F4A1D90F9C200A9FD0C /* LaunchScreen.storyboard */; };
/* End PBXBuildFile section */

/* Begin PBXFileReference section */
		5D72789D1D925561002AFD28 /* CalculatorBrain.swift */ = {isa = PBXFileReference; fileEncoding = 4; lastKnownFileType = sourcecode.swift; path = CalculatorBrain.swift; sourceTree = "<group>"; };
		5DD08F3E1D90F9C200A9FD0C /* Calculator.app */ = {isa = PBXFileReference; explicitFileType = wrapper.application; includeInIndex = 0; path = Calculator.app; sourceTree = BUILT_PRODUCTS_DIR; };
		5DD08F411D90F9C200A9FD0C /* AppDelegate.swift */ = {isa = PBXFileReference; lastKnownFileType = sourcecode.swift; path = AppDelegate.swift; sourceTree = "<group>"; };
		5DD08F431D90F9C200A9FD0C /* ViewController.swift */ = {isa = PBXFileReference; lastKnownFileType = sourcecode.swift; path = ViewController.swift; sourceTree = "<group>"; };
		5DD08F461D90F9C200A9FD0C /* Base */ = {isa = PBXFileReference; lastKnownFileType = file.storyboard; name = Base; path = Base.lproj/Main.storyboard; sourceTree = "<group>"; };
		5DD08F481D90F9C200A9FD0C /* Assets.xcassets */ = {isa = PBXFileReference; lastKnownFileType = folder.assetcatalog; path = Assets.xcassets; sourceTree = "<group>"; };
		5DD08F4B1D90F9C200A9FD0C /* Base */ = {isa = PBXFileReference; lastKnownFileType = file.storyboard; name = Base; path = Base.lproj/LaunchScreen.storyboard; sourceTree = "<group>"; };
		5DD08F4D1D90F9C200A9FD0C /* Info.plist */ = {isa = PBXFileReference; lastKnownFileType = text.plist.xml; path = Info.plist; sourceTree = "<group>"; };
/* End PBXFileReference section */

/* Begin PBXFrameworksBuildPhase section */
		5DD08F3B1D90F9C200A9FD0C /* Frameworks */ = {
			isa = PBXFrameworksBuildPhase;
			buildActionMask = 2147483647;
			files = (
			);
			runOnlyForDeploymentPostprocessing = 0;
		};
/* End PBXFrameworksBuildPhase section */

/* Begin PBXGroup section */
		5DD08F351D90F9C200A9FD0C = {
			isa = PBXGroup;
			children = (
				5DD08F401D90F9C200A9FD0C /* Calculator */,
				5DD08F3F1D90F9C200A9FD0C /* Products */,
			);
			sourceTree = "<group>";
		};
		5DD08F3F1D90F9C200A9FD0C /* Products */ = {
			isa = PBXGroup;
			children = (
				5DD08F3E1D90F9C200A9FD0C /* Calculator.app */,
			);
			name = Products;
			sourceTree = "<group>";
		};
		5DD08F401D90F9C200A9FD0C /* Calculator */ = {
			isa = PBXGroup;
			children = (
				5DD08F431D90F9C200A9FD0C /* ViewController.swift */,
				5DD08F451D90F9C200A9FD0C /* Main.storyboard */,
				5D72789D1D925561002AFD28 /* CalculatorBrain.swift */,
				5DD08F531D90FB2600A9FD0C /* Supporting Files */,
			);
			path = Calculator;
			sourceTree = "<group>";
		};
		5DD08F531D90FB2600A9FD0C /* Supporting Files */ = {
			isa = PBXGroup;
			children = (
				5DD08F411D90F9C200A9FD0C /* AppDelegate.swift */,
				5DD08F481D90F9C200A9FD0C /* Assets.xcassets */,
				5DD08F4A1D90F9C200A9FD0C /* LaunchScreen.storyboard */,
				5DD08F4D1D90F9C200A9FD0C /* Info.plist */,
			);
			name = "Supporting Files";
			sourceTree = "<group>";
		};
/* End PBXGroup section */

/* Begin PBXNativeTarget section */
		5DD08F3D1D90F9C200A9FD0C /* Calculator */ = {
			isa = PBXNativeTarget;
			buildConfigurationList = 5DD08F501D90F9C200A9FD0C /* Build configuration list for PBXNativeTarget "Calculator" */;
			buildPhases = (
				5DD08F3A1D90F9C200A9FD0C /* Sources */,
				5DD08F3B1D90F9C200A9FD0C /* Frameworks */,
				5DD08F3C1D90F9C200A9FD0C /* Resources */,
			);
			buildRules = (
			);
			dependencies = (
			);
			name = Calculator;
			productName = Calculator;
			productReference = 5DD08F3E1D90F9C200A9FD0C /* Calculator.app */;
			productType = "com.apple.product-type.application";
		};
/* End PBXNativeTarget section */

/* Begin PBXProject section */
		5DD08F361D90F9C200A9FD0C /* Project object */ = {
			isa = PBXProject;
			attributes = {
				LastSwiftUpdateCheck = 0730;
				LastUpgradeCheck = 0730;
				ORGANIZATIONNAME = "Rehan Sajid";
				TargetAttributes = {
					5DD08F3D1D90F9C200A9FD0C = {
						CreatedOnToolsVersion = 7.3.1;
						LastSwiftMigration = 0800;
					};
				};
			};
			buildConfigurationList = 5DD08F391D90F9C200A9FD0C /* Build configuration list for PBXProject "Calculator" */;
			compatibilityVersion = "Xcode 3.2";
			developmentRegion = English;
			hasScannedForEncodings = 0;
			knownRegions = (
				en,
				Base,
			);
			mainGroup = 5DD08F351D90F9C200A9FD0C;
			productRefGroup = 5DD08F3F1D90F9C200A9FD0C /* Products */;
			projectDirPath = "";
			projectRoot = "";
			targets = (
				5DD08F3D1D90F9C200A9FD0C /* Calculator */,
			);
		};
/* End PBXProject section */

/* Begin PBXResourcesBuildPhase section */
		5DD08F3C1D90F9C200A9FD0C /* Resources */ = {
			isa = PBXResourcesBuildPhase;
			buildActionMask = 2147483647;
			files = (
				5DD08F4C1D90F9C200A9FD0C /* LaunchScreen.storyboard in Resources */,
				5DD08F491D90F9C200A9FD0C /* Assets.xcassets in Resources */,
				5DD08F471D90F9C200A9FD0C /* Main.storyboard in Resources */,
			);
			runOnlyForDeploymentPostprocessing = 0;
		};
/* End PBXResourcesBuildPhase section */

/* Begin PBXSourcesBuildPhase section */
		5DD08F3A1D90F9C200A9FD0C /* Sources */ = {
			isa = PBXSourcesBuildPhase;
			buildActionMask = 2147483647;
			files = (
				5D72789E1D925561002AFD28 /* CalculatorBrain.swift in Sources */,
				5DD08F441D90F9C200A9FD0C /* ViewController.swift in Sources */,
				5DD08F421D90F9C200A9FD0C /* AppDelegate.swift in Sources */,
			);
			runOnlyForDeploymentPostprocessing = 0;
		};
/* End PBXSourcesBuildPhase section */

/* Begin PBXVariantGroup section */
		5DD08F451D90F9C200A9FD0C /* Main.storyboard */ = {
			isa = PBXVariantGroup;
			children = (
				5DD08F461D90F9C200A9FD0C /* Base */,
			);
			name = Main.storyboard;
			sourceTree = "<group>";
		};
		5DD08F4A1D90F9C200A9FD0C /* LaunchScreen.storyboard */ = {
			isa = PBXVariantGroup;
			children = (
				5DD08F4B1D90F9C200A9FD0C /* Base */,
			);
			name = LaunchScreen.storyboard;
			sourceTree = "<group>";
		};
/* End PBXVariantGroup section */

/* Begin XCBuildConfiguration section */
		5DD08F4E1D90F9C200A9FD0C /* Debug */ = {
			isa = XCBuildConfiguration;
			buildSettings = {
				ALWAYS_SEARCH_USER_PATHS = NO;
				CLANG_ANALYZER_NONNULL = YES;
				CLANG_CXX_LANGUAGE_STANDARD = "gnu++0x";
				CLANG_CXX_LIBRARY = "libc++";
				CLANG_ENABLE_MODULES = YES;
				CLANG_ENABLE_OBJC_ARC = YES;
				CLANG_WARN_BOOL_CONVERSION = YES;
				CLANG_WARN_CONSTANT_CONVERSION = YES;
				CLANG_WARN_DIRECT_OBJC_ISA_USAGE = YES_ERROR;
				CLANG_WARN_EMPTY_BODY = YES;
				CLANG_WARN_ENUM_CONVERSION = YES;
				CLANG_WARN_INT_CONVERSION = YES;
				CLANG_WARN_OBJC_ROOT_CLASS = YES_ERROR;
				CLANG_WARN_UNREACHABLE_CODE = YES;
				CLANG_WARN__DUPLICATE_METHOD_MATCH = YES;
				"CODE_SIGN_IDENTITY[sdk=iphoneos*]" = "iPhone Developer";
				COPY_PHASE_STRIP = NO;
				DEBUG_INFORMATION_FORMAT = dwarf;
				ENABLE_STRICT_OBJC_MSGSEND = YES;
				ENABLE_TESTABILITY = YES;
				GCC_C_LANGUAGE_STANDARD = gnu99;
				GCC_DYNAMIC_NO_PIC = NO;
				GCC_NO_COMMON_BLOCKS = YES;
				GCC_OPTIMIZATION_LEVEL = 0;
				GCC_PREPROCESSOR_DEFINITIONS = (
					"DEBUG=1",
					"$(inherited)",
				);
				GCC_WARN_64_TO_32_BIT_CONVERSION = YES;
				GCC_WARN_ABOUT_RETURN_TYPE = YES_ERROR;
				GCC_WARN_UNDECLARED_SELECTOR = YES;
				GCC_WARN_UNINITIALIZED_AUTOS = YES_AGGRESSIVE;
				GCC_WARN_UNUSED_FUNCTION = YES;
				GCC_WARN_UNUSED_VARIABLE = YES;
				IPHONEOS_DEPLOYMENT_TARGET = 9.3;
				MTL_ENABLE_DEBUG_INFO = YES;
				ONLY_ACTIVE_ARCH = YES;
				SDKROOT = iphoneos;
				SWIFT_OPTIMIZATION_LEVEL = "-Onone";
				TARGETED_DEVICE_FAMILY = "1,2";
			};
			name = Debug;
		};
		5DD08F4F1D90F9C200A9FD0C /* Release */ = {
			isa = XCBuildConfiguration;
			buildSettings = {
				ALWAYS_SEARCH_USER_PATHS = NO;
				CLANG_ANALYZER_NONNULL = YES;
				CLANG_CXX_LANGUAGE_STANDARD = "gnu++0x";
				CLANG_CXX_LIBRARY = "libc++";
				CLANG_ENABLE_MODULES = YES;
				CLANG_ENABLE_OBJC_ARC = YES;
				CLANG_WARN_BOOL_CONVERSION = YES;
				CLANG_WARN_CONSTANT_CONVERSION = YES;
				CLANG_WARN_DIRECT_OBJC_ISA_USAGE = YES_ERROR;
				CLANG_WARN_EMPTY_BODY = YES;
				CLANG_WARN_ENUM_CONVERSION = YES;
				CLANG_WARN_INT_CONVERSION = YES;
				CLANG_WARN_OBJC_ROOT_CLASS = YES_ERROR;
				CLANG_WARN_UNREACHABLE_CODE = YES;
				CLANG_WARN__DUPLICATE_METHOD_MATCH = YES;
				"CODE_SIGN_IDENTITY[sdk=iphoneos*]" = "iPhone Developer";
				COPY_PHASE_STRIP = NO;
				DEBUG_INFORMATION_FORMAT = "dwarf-with-dsym";
				ENABLE_NS_ASSERTIONS = NO;
				ENABLE_STRICT_OBJC_MSGSEND = YES;
				GCC_C_LANGUAGE_STANDARD = gnu99;
				GCC_NO_COMMON_BLOCKS = YES;
				GCC_WARN_64_TO_32_BIT_CONVERSION = YES;
				GCC_WARN_ABOUT_RETURN_TYPE = YES_ERROR;
				GCC_WARN_UNDECLARED_SELECTOR = YES;
				GCC_WARN_UNINITIALIZED_AUTOS = YES_AGGRESSIVE;
				GCC_WARN_UNUSED_FUNCTION = YES;
				GCC_WARN_UNUSED_VARIABLE = YES;
				IPHONEOS_DEPLOYMENT_TARGET = 9.3;
				MTL_ENABLE_DEBUG_INFO = NO;
				SDKROOT = iphoneos;
				TARGETED_DEVICE_FAMILY = "1,2";
				VALIDATE_PRODUCT = YES;
			};
			name = Release;
		};
		5DD08F511D90F9C200A9FD0C /* Debug */ = {
			isa = XCBuildConfiguration;
			buildSettings = {
				ASSETCATALOG_COMPILER_APPICON_NAME = AppIcon;
				INFOPLIST_FILE = Calculator/Info.plist;
				LD_RUNPATH_SEARCH_PATHS = "$(inherited) @executable_path/Frameworks";
				PRODUCT_BUNDLE_IDENTIFIER = com.me.myself.rehan.Calculator;
				PRODUCT_NAME = "$(TARGET_NAME)";
				SWIFT_VERSION = 3.0;
			};
			name = Debug;
		};
		5DD08F521D90F9C200A9FD0C /* Release */ = {
			isa = XCBuildConfiguration;
			buildSettings = {
				ASSETCATALOG_COMPILER_APPICON_NAME = AppIcon;
				INFOPLIST_FILE = Calculator/Info.plist;
				LD_RUNPATH_SEARCH_PATHS = "$(inherited) @executable_path/Frameworks";
				PRODUCT_BUNDLE_IDENTIFIER = com.me.myself.rehan.Calculator;
				PRODUCT_NAME = "$(TARGET_NAME)";
				SWIFT_VERSION = 3.0;
			};
			name = Release;
		};
/* End XCBuildConfiguration section */

/* Begin XCConfigurationList section */
		5DD08F391D90F9C200A9FD0C /* Build configuration list for PBXProject "Calculator" */ = {
			isa = XCConfigurationList;
			buildConfigurations = (
				5DD08F4E1D90F9C200A9FD0C /* Debug */,
				5DD08F4F1D90F9C200A9FD0C /* Release */,
			);
			defaultConfigurationIsVisible = 0;
			defaultConfigurationName = Release;
		};
		5DD08F501D90F9C200A9FD0C /* Build configuration list for PBXNativeTarget "Calculator" */ = {
			isa = XCConfigurationList;
			buildConfigurations = (
				5DD08F511D90F9C200A9FD0C /* Debug */,
				5DD08F521D90F9C200A9FD0C /* Release */,
			);
			defaultConfigurationIsVisible = 0;
			defaultConfigurationName = Release;
		};
/* End XCConfigurationList section */
	};
	rootObject = 5DD08F361D90F9C200A9FD0C /* Project object */;
}
